
Microsoft Visual Studio Solution File, Format Version 12.00
# Visual Studio Version 16
VisualStudioVersion = 16.0.30011.22
MinimumVisualStudioVersion = 10.0.40219.1
Project("{2150E333-8FDC-42A3-9474-1A3956D46DE8}") = "src", "src", "{FDE43298-8FDC-47D3-B59A-B980622581F1}"
EndProject
Project("{2150E333-8FDC-42A3-9474-1A3956D46DE8}") = "tests", "tests", "{30B88BBB-C661-482A-B31E-0C53B1C12308}"
EndProject
Project("{FAE04EC0-301F-11D3-BF4B-00C04F79EFBC}") = "EventsApi.Core", "Src\EventsApi.Core\EventsApi.Core.csproj", "{BFAB501F-09FE-4440-9690-FE63648ED95E}"
EndProject
Project("{FAE04EC0-301F-11D3-BF4B-00C04F79EFBC}") = "EventsApi.Infrastracture", "Src\EventsApi.Infrastracture\EventsApi.Infrastracture.csproj", "{F089ED00-A67C-43DE-A948-B7A7476703B0}"
EndProject
Project("{FAE04EC0-301F-11D3-BF4B-00C04F79EFBC}") = "EventsApi.Web", "Src\EventsApi.Web\EventsApi.Web.csproj", "{67AD35F6-2E79-45FD-8AD9-CF2EB590DF38}"
EndProject
Project("{FAE04EC0-301F-11D3-BF4B-00C04F79EFBC}") = "EventsApi.UnitTests", "Tests\EventsApi.UnitTests\EventsApi.UnitTests.csproj", "{5BC10534-A31B-43C8-ACEF-71923D4375A5}"
EndProject
Global
	GlobalSection(SolutionConfigurationPlatforms) = preSolution
		Debug|Any CPU = Debug|Any CPU
		Release|Any CPU = Release|Any CPU
	EndGlobalSection
	GlobalSection(ProjectConfigurationPlatforms) = postSolution
		{BFAB501F-09FE-4440-9690-FE63648ED95E}.Debug|Any CPU.ActiveCfg = Debug|Any CPU
		{BFAB501F-09FE-4440-9690-FE63648ED95E}.Debug|Any CPU.Build.0 = Debug|Any CPU
		{BFAB501F-09FE-4440-9690-FE63648ED95E}.Release|Any CPU.ActiveCfg = Release|Any CPU
		{BFAB501F-09FE-4440-9690-FE63648ED95E}.Release|Any CPU.Build.0 = Release|Any CPU
		{F089ED00-A67C-43DE-A948-B7A7476703B0}.Debug|Any CPU.ActiveCfg = Debug|Any CPU
		{F089ED00-A67C-43DE-A948-B7A7476703B0}.Debug|Any CPU.Build.0 = Debug|Any CPU
		{F089ED00-A67C-43DE-A948-B7A7476703B0}.Release|Any CPU.ActiveCfg = Release|Any CPU
		{F089ED00-A67C-43DE-A948-B7A7476703B0}.Release|Any CPU.Build.0 = Release|Any CPU
		{67AD35F6-2E79-45FD-8AD9-CF2EB590DF38}.Debug|Any CPU.ActiveCfg = Debug|Any CPU
		{67AD35F6-2E79-45FD-8AD9-CF2EB590DF38}.Debug|Any CPU.Build.0 = Debug|Any CPU
		{67AD35F6-2E79-45FD-8AD9-CF2EB590DF38}.Release|Any CPU.ActiveCfg = Release|Any CPU
		{67AD35F6-2E79-45FD-8AD9-CF2EB590DF38}.Release|Any CPU.Build.0 = Release|Any CPU
		{5BC10534-A31B-43C8-ACEF-71923D4375A5}.Debug|Any CPU.ActiveCfg = Debug|Any CPU
		{5BC10534-A31B-43C8-ACEF-71923D4375A5}.Debug|Any CPU.Build.0 = Debug|Any CPU
		{5BC10534-A31B-43C8-ACEF-71923D4375A5}.Release|Any CPU.ActiveCfg = Release|Any CPU
		{5BC10534-A31B-43C8-ACEF-71923D4375A5}.Release|Any CPU.Build.0 = Release|Any CPU
	EndGlobalSection
	GlobalSection(SolutionProperties) = preSolution
		HideSolutionNode = FALSE
	EndGlobalSection
	GlobalSection(NestedProjects) = preSolution
		{BFAB501F-09FE-4440-9690-FE63648ED95E} = {FDE43298-8FDC-47D3-B59A-B980622581F1}
		{F089ED00-A67C-43DE-A948-B7A7476703B0} = {FDE43298-8FDC-47D3-B59A-B980622581F1}
		{67AD35F6-2E79-45FD-8AD9-CF2EB590DF38} = {FDE43298-8FDC-47D3-B59A-B980622581F1}
		{5BC10534-A31B-43C8-ACEF-71923D4375A5} = {30B88BBB-C661-482A-B31E-0C53B1C12308}
	EndGlobalSection
	GlobalSection(ExtensibilityGlobals) = postSolution
		SolutionGuid = {4F950FC7-1ED8-44E6-9E7E-5CD872AE2A63}
	EndGlobalSection
EndGlobal
